
Microsoft Visual Studio Solution File, Format Version 12.00
# Visual Studio 14
VisualStudioVersion = 14.0.25420.1
MinimumVisualStudioVersion = 10.0.40219.1
Project("{FAE04EC0-301F-11D3-BF4B-00C04F79EFBC}") = "PayOnline.Form.SDK", "Source\PayOnline.Form.SDK.csproj", "{C2BBE209-3703-4FF0-A86E-D2F750542A5C}"
EndProject
Project("{FAE04EC0-301F-11D3-BF4B-00C04F79EFBC}") = "PayOnline.Form.SDK.Test", "Test\PayOnline.Form.SDK.Test.csproj", "{F0980FC0-3FAD-465E-BCD1-2F8ABCCE5AC6}"
EndProject
Global
	GlobalSection(SolutionConfigurationPlatforms) = preSolution
		Debug|Any CPU = Debug|Any CPU
		Release|Any CPU = Release|Any CPU
	EndGlobalSection
	GlobalSection(ProjectConfigurationPlatforms) = postSolution
		{C2BBE209-3703-4FF0-A86E-D2F750542A5C}.Debug|Any CPU.ActiveCfg = Debug|Any CPU
		{C2BBE209-3703-4FF0-A86E-D2F750542A5C}.Debug|Any CPU.Build.0 = Debug|Any CPU
		{C2BBE209-3703-4FF0-A86E-D2F750542A5C}.Release|Any CPU.ActiveCfg = Release|Any CPU
		{C2BBE209-3703-4FF0-A86E-D2F750542A5C}.Release|Any CPU.Build.0 = Release|Any CPU
		{F0980FC0-3FAD-465E-BCD1-2F8ABCCE5AC6}.Debug|Any CPU.ActiveCfg = Debug|Any CPU
		{F0980FC0-3FAD-465E-BCD1-2F8ABCCE5AC6}.Debug|Any CPU.Build.0 = Debug|Any CPU
		{F0980FC0-3FAD-465E-BCD1-2F8ABCCE5AC6}.Release|Any CPU.ActiveCfg = Release|Any CPU
		{F0980FC0-3FAD-465E-BCD1-2F8ABCCE5AC6}.Release|Any CPU.Build.0 = Release|Any CPU
	EndGlobalSection
	GlobalSection(SolutionProperties) = preSolution
		HideSolutionNode = FALSE
	EndGlobalSection
EndGlobal
